
Microsoft Visual Studio Solution File, Format Version 12.00
# Visual Studio Version 17
VisualStudioVersion = 17.7.34031.279
MinimumVisualStudioVersion = 10.0.40219.1
Project("{FAE04EC0-301F-11D3-BF4B-00C04F79EFBC}") = "HavaDurumu", "HavaDurumu.csproj", "{DEBF6A34-5DDE-41EB-A3CA-77C3E127B081}"
EndProject
Global
	GlobalSection(SolutionConfigurationPlatforms) = preSolution
		Debug|Any CPU = Debug|Any CPU
		Release|Any CPU = Release|Any CPU
	EndGlobalSection
	GlobalSection(ProjectConfigurationPlatforms) = postSolution
		{DEBF6A34-5DDE-41EB-A3CA-77C3E127B081}.Debug|Any CPU.ActiveCfg = Debug|Any CPU
		{DEBF6A34-5DDE-41EB-A3CA-77C3E127B081}.Debug|Any CPU.Build.0 = Debug|Any CPU
		{DEBF6A34-5DDE-41EB-A3CA-77C3E127B081}.Release|Any CPU.ActiveCfg = Release|Any CPU
		{DEBF6A34-5DDE-41EB-A3CA-77C3E127B081}.Release|Any CPU.Build.0 = Release|Any CPU
	EndGlobalSection
	GlobalSection(SolutionProperties) = preSolution
		HideSolutionNode = FALSE
	EndGlobalSection
	GlobalSection(ExtensibilityGlobals) = postSolution
		SolutionGuid = {AE9FFBD6-EF3B-4D7F-AC31-F36317FE0BAC}
	EndGlobalSection
EndGlobal
